<?xml version="1.0" encoding="utf-8"?>
<Project ToolsVersion="4.0" xmlns="http://schemas.microsoft.com/developer/msbuild/2003">
  <ItemGroup>
    <ClCompile Include="CObjBullet.cpp" />
    <ClCompile Include="CObjEveKiji.cpp" />
    <ClCompile Include="CObjEveMnky.cpp" />
    <ClCompile Include="CObjFlyKiji.cpp" />
    <ClCompile Include="CObjhomingfire.cpp" />
    <ClCompile Include="CObjSword.cpp" />
    <ClCompile Include="CObjEveDog.cpp" />
    <ClCompile Include="Data.cpp" />
    <ClCompile Include="ObjInventory.cpp" />
    <ClCompile Include="ObjKeyUse.cpp" />
    <ClCompile Include="ObjBoss.cpp" />
    <ClCompile Include="ObjClear.cpp" />
    <ClCompile Include="ObjClub.cpp" />
    <ClCompile Include="ObjDog.cpp" />
    <ClCompile Include="ObjEnemy.cpp" />
    <ClCompile Include="ObjEnemy2.cpp" />
    <ClCompile Include="ObjEnemy3.cpp" />
    <ClCompile Include="ObjGameOver.cpp" />
    <ClCompile Include="ObjGoldBullion.cpp" />
    <ClCompile Include="ObjHero.cpp" />
    <ClCompile Include="ObjHeroGauge.cpp" />
    <ClCompile Include="ObjHorn.cpp" />
    <ClCompile Include="ObjPeach.cpp" />
    <ClCompile Include="ObjMonke.cpp" />
    <ClCompile Include="ObjPheasant.cpp" />
    <ClCompile Include="ObjPlum.cpp" />
    <ClCompile Include="ObjPose.cpp" />
    <ClCompile Include="ObjSell.cpp" />
    <ClCompile Include="ObjSilverBullion.cpp" />
    <ClCompile Include="ObjSosasetsumei.cpp" />
    <ClCompile Include="Objstair.cpp" />
    <ClCompile Include="ObjSummary.cpp" />
    <ClCompile Include="ObjTitle.cpp" />
    <ClCompile Include="ObjCapture.cpp" />
    <ClCompile Include="ObjYellowPeach.cpp" />
    <ClCompile Include="SceneClear.cpp" />
    <ClCompile Include="Scenefloor2.cpp" />
    <ClCompile Include="GameL\SceneManager.cpp" />
    <ClCompile Include="GameL\SceneObjManager.cpp" />
    <ClCompile Include="GameL\SetWindow.cpp" />
    <ClCompile Include="ObjMap1.cpp" />
    <ClCompile Include="ObjMap2.cpp" />
    <ClCompile Include="ObjMap3.cpp" />
    <ClCompile Include="ObjMap4.cpp" />
    <ClCompile Include="ObjMap5.cpp" />
    <ClCompile Include="Scenefloor1.cpp" />
    <ClCompile Include="Scenefloor3.cpp" />
    <ClCompile Include="Scenefloor4.cpp" />
    <ClCompile Include="Scenefloor5.cpp" />
    <ClCompile Include="SceneGameOver.cpp" />
    <ClCompile Include="SceneMain.cpp" />
    <ClCompile Include="ScenePose.cpp" />
    <ClCompile Include="SceneSell.cpp" />
    <ClCompile Include="SceneSosasetsumei.cpp" />
    <ClCompile Include="SceneSummary.cpp" />
    <ClCompile Include="SceneTitle.cpp" />
    <ClCompile Include="ObjTalk.cpp" />
    <ClCompile Include="UtilityModule.cpp" />
    <ClCompile Include="GameL\Audio.cpp">
      <Filter>リソースファイル</Filter>
    </ClCompile>
    <ClCompile Include="GameL\DirectXDevice.cpp">
      <Filter>リソースファイル</Filter>
    </ClCompile>
    <ClCompile Include="GameL\Draw2DTex_Source.cpp">
      <Filter>リソースファイル</Filter>
    </ClCompile>
    <ClCompile Include="GameL\DrawFont.cpp">
      <Filter>リソースファイル</Filter>
    </ClCompile>
    <ClCompile Include="GameL\DrawTexture.cpp">
      <Filter>リソースファイル</Filter>
    </ClCompile>
    <ClCompile Include="GameL\GameL_Main.cpp">
      <Filter>リソースファイル</Filter>
    </ClCompile>
    <ClCompile Include="GameL\HitBoxManager.cpp">
      <Filter>リソースファイル</Filter>
    </ClCompile>
    <ClCompile Include="GameL\MultiThread.cpp">
      <Filter>リソースファイル</Filter>
    </ClCompile>
    <ClCompile Include="GameL\UserData.cpp">
      <Filter>リソースファイル</Filter>
    </ClCompile>
    <ClCompile Include="GameL\WICTextureLoader.cpp">
      <Filter>リソースファイル</Filter>
    </ClCompile>
    <ClCompile Include="GameL\WinInputs.cpp">
      <Filter>リソースファイル</Filter>
    </ClCompile>
  </ItemGroup>
  <ItemGroup>
    <ClInclude Include="CObjBullet.h" />
    <ClInclude Include="CObjEveKiji.h" />
    <ClInclude Include="CObjEveMnky.h" />
    <ClInclude Include="CObjFlyKiji.h" />
    <ClInclude Include="CObjhomingfire.h" />
    <ClInclude Include="CObjSword.h" />
    <ClInclude Include="CObjEveDog.h" />
    <ClInclude Include="ObjInventory.h" />
    <ClInclude Include="ObjKeyUse.h" />
    <ClInclude Include="ObjBoss.h" />
    <ClInclude Include="ObjClub.h" />
    <ClInclude Include="ObjClear.h" />
    <ClInclude Include="ObjDog.h" />
    <ClInclude Include="ObjEnemy.h" />
    <ClInclude Include="ObjEnemy2.h" />
    <ClInclude Include="ObjEnemy3.h" />
    <ClInclude Include="ObjGameOver.h" />
    <ClInclude Include="ObjGoldBullion.h" />
    <ClInclude Include="ObjHero.h" />
    <ClInclude Include="ObjHeroGauge.h" />
    <ClInclude Include="ObjHorn.h" />
    <ClInclude Include="ObjPeach.h" />
    <ClInclude Include="ObjMonke.h" />
    <ClInclude Include="ObjPheasant.h" />
    <ClInclude Include="ObjPlum.h" />
    <ClInclude Include="ObjPose.h" />
    <ClInclude Include="ObjSell.h" />
    <ClInclude Include="ObjSilverBullion.h" />
    <ClInclude Include="ObjSosasetsumei.h" />
    <ClInclude Include="Objstair.h" />
    <ClInclude Include="ObjSummary.h" />
    <ClInclude Include="ObjTitle.h" />
    <ClInclude Include="ObjCapture.h" />
    <ClInclude Include="ObjYellowPeach.h" />
    <ClInclude Include="ScecneClear.h" />
    <ClInclude Include="Scenefloor4.h" />
    <ClInclude Include="Scenefloor2.h" />
    <ClInclude Include="GameHead.h" />
    <ClInclude Include="GameL\SceneManager.h" />
    <ClInclude Include="GameL\SceneObjManager.h" />
    <ClInclude Include="GameL\SetWindow.h" />
    <ClInclude Include="ObjMap1.h" />
    <ClInclude Include="main.h" />
    <ClInclude Include="ObjMap2.h" />
    <ClInclude Include="ObjMap3.h" />
    <ClInclude Include="ObjMap4.h" />
    <ClInclude Include="ObjMap5.h" />
    <ClInclude Include="Scenefloor1.h" />
    <ClInclude Include="Scenefloor3.h" />
    <ClInclude Include="Scenefloor5.h" />
    <ClInclude Include="SceneGameOver.h" />
    <ClInclude Include="SceneMain.h" />
    <ClInclude Include="ScenePose.h" />
    <ClInclude Include="SceneSell.h" />
    <ClInclude Include="SceneSosasetsumei.h" />
    <ClInclude Include="SceneSummary.h" />
    <ClInclude Include="SceneTitle.h" />
    <ClInclude Include="ObjTalk.h" />
    <ClInclude Include="UtilityModule.h" />
    <ClInclude Include="GameL\Audio.h">
      <Filter>リソースファイル</Filter>
    </ClInclude>
    <ClInclude Include="GameL\DirectXDevice.h">
      <Filter>リソースファイル</Filter>
    </ClInclude>
    <ClInclude Include="GameL\DirectXTex.h">
      <Filter>リソースファイル</Filter>
    </ClInclude>
    <ClInclude Include="GameL\DrawFont.h">
      <Filter>リソースファイル</Filter>
    </ClInclude>
    <ClInclude Include="GameL\DrawTexture.h">
      <Filter>リソースファイル</Filter>
    </ClInclude>
    <ClInclude Include="GameL\HitBoxManager.h">
      <Filter>リソースファイル</Filter>
    </ClInclude>
    <ClInclude Include="GameL\MultiThread.h">
      <Filter>リソースファイル</Filter>
    </ClInclude>
    <ClInclude Include="GameL\UserData.h">
      <Filter>リソースファイル</Filter>
    </ClInclude>
    <ClInclude Include="GameL\WICTextureLoader.h">
      <Filter>リソースファイル</Filter>
    </ClInclude>
    <ClInclude Include="GameL\WinInputs.h">
      <Filter>リソースファイル</Filter>
    </ClInclude>
  </ItemGroup>
  <ItemGroup>
    <Filter Include="リソースファイル">
      <UniqueIdentifier>{88dc83a7-f80d-47b1-83d9-5883d775df25}</UniqueIdentifier>
    </Filter>
  </ItemGroup>
  <ItemGroup>
    <None Include="GameL\DirectXTex.inl">
      <Filter>リソースファイル</Filter>
    </None>
  </ItemGroup>
  <ItemGroup>
    <Library Include="GameL\DirectXTex.lib">
      <Filter>リソースファイル</Filter>
    </Library>
  </ItemGroup>
</Project>